
Microsoft Visual Studio Solution File, Format Version 12.00
# Visual Studio Version 16
VisualStudioVersion = 16.0.35425.106
MinimumVisualStudioVersion = 10.0.40219.1
Project("{FAE04EC0-301F-11D3-BF4B-00C04F79EFBC}") = "Tech2019.EntityLayer", "EntityLayer\Tech2019.EntityLayer\Tech2019.EntityLayer.csproj", "{3F3DDBED-FC67-4D89-9816-C6E8B5E5C6A4}"
EndProject
Project("{FAE04EC0-301F-11D3-BF4B-00C04F79EFBC}") = "Tech2019.DataAccessLayer", "DataAccessLayer\Tech2019.DataAccessLayer\Tech2019.DataAccessLayer.csproj", "{D8DDAF64-2242-45B0-B2B3-93E83C2A5976}"
EndProject
Project("{FAE04EC0-301F-11D3-BF4B-00C04F79EFBC}") = "Tech2019.Presentation", "Presentation\Tech2019.Presentation\Tech2019.Presentation.csproj", "{C1C6D9A6-2DF6-4F79-A9B4-0FF2E27A8C82}"
EndProject
Project("{FAE04EC0-301F-11D3-BF4B-00C04F79EFBC}") = "Tech2019.BusinessLayer", "BusinessLayer\Tech2019.BusinessLayer\Tech2019.BusinessLayer.csproj", "{CD64EC26-333F-447C-B8B7-E289F6C108BE}"
EndProject
Project("{FAE04EC0-301F-11D3-BF4B-00C04F79EFBC}") = "Tech2019.DTOLayer", "DTOLayer\Tech2019.DTOLayer\Tech2019.DTOLayer.csproj", "{66008318-0458-4F3F-874C-7666CE04A68F}"
EndProject
Project("{FAE04EC0-301F-11D3-BF4B-00C04F79EFBC}") = "Tech2019.WebLayer", "Web\Tech2019.WebLayer\Tech2019.WebLayer.csproj", "{B2B2C73E-4600-45C7-9EBE-1C1580482407}"
EndProject
Global
	GlobalSection(SolutionConfigurationPlatforms) = preSolution
		Debug|Any CPU = Debug|Any CPU
		Release|Any CPU = Release|Any CPU
	EndGlobalSection
	GlobalSection(ProjectConfigurationPlatforms) = postSolution
		{3F3DDBED-FC67-4D89-9816-C6E8B5E5C6A4}.Debug|Any CPU.ActiveCfg = Debug|Any CPU
		{3F3DDBED-FC67-4D89-9816-C6E8B5E5C6A4}.Debug|Any CPU.Build.0 = Debug|Any CPU
		{3F3DDBED-FC67-4D89-9816-C6E8B5E5C6A4}.Release|Any CPU.ActiveCfg = Release|Any CPU
		{3F3DDBED-FC67-4D89-9816-C6E8B5E5C6A4}.Release|Any CPU.Build.0 = Release|Any CPU
		{D8DDAF64-2242-45B0-B2B3-93E83C2A5976}.Debug|Any CPU.ActiveCfg = Debug|Any CPU
		{D8DDAF64-2242-45B0-B2B3-93E83C2A5976}.Debug|Any CPU.Build.0 = Debug|Any CPU
		{D8DDAF64-2242-45B0-B2B3-93E83C2A5976}.Release|Any CPU.ActiveCfg = Release|Any CPU
		{D8DDAF64-2242-45B0-B2B3-93E83C2A5976}.Release|Any CPU.Build.0 = Release|Any CPU
		{C1C6D9A6-2DF6-4F79-A9B4-0FF2E27A8C82}.Debug|Any CPU.ActiveCfg = Debug|Any CPU
		{C1C6D9A6-2DF6-4F79-A9B4-0FF2E27A8C82}.Debug|Any CPU.Build.0 = Debug|Any CPU
		{C1C6D9A6-2DF6-4F79-A9B4-0FF2E27A8C82}.Release|Any CPU.ActiveCfg = Release|Any CPU
		{C1C6D9A6-2DF6-4F79-A9B4-0FF2E27A8C82}.Release|Any CPU.Build.0 = Release|Any CPU
		{CD64EC26-333F-447C-B8B7-E289F6C108BE}.Debug|Any CPU.ActiveCfg = Debug|Any CPU
		{CD64EC26-333F-447C-B8B7-E289F6C108BE}.Debug|Any CPU.Build.0 = Debug|Any CPU
		{CD64EC26-333F-447C-B8B7-E289F6C108BE}.Release|Any CPU.ActiveCfg = Release|Any CPU
		{CD64EC26-333F-447C-B8B7-E289F6C108BE}.Release|Any CPU.Build.0 = Release|Any CPU
		{66008318-0458-4F3F-874C-7666CE04A68F}.Debug|Any CPU.ActiveCfg = Debug|Any CPU
		{66008318-0458-4F3F-874C-7666CE04A68F}.Debug|Any CPU.Build.0 = Debug|Any CPU
		{66008318-0458-4F3F-874C-7666CE04A68F}.Release|Any CPU.ActiveCfg = Release|Any CPU
		{66008318-0458-4F3F-874C-7666CE04A68F}.Release|Any CPU.Build.0 = Release|Any CPU
		{B2B2C73E-4600-45C7-9EBE-1C1580482407}.Debug|Any CPU.ActiveCfg = Debug|Any CPU
		{B2B2C73E-4600-45C7-9EBE-1C1580482407}.Debug|Any CPU.Build.0 = Debug|Any CPU
		{B2B2C73E-4600-45C7-9EBE-1C1580482407}.Release|Any CPU.ActiveCfg = Release|Any CPU
		{B2B2C73E-4600-45C7-9EBE-1C1580482407}.Release|Any CPU.Build.0 = Release|Any CPU
	EndGlobalSection
	GlobalSection(SolutionProperties) = preSolution
		HideSolutionNode = FALSE
	EndGlobalSection
	GlobalSection(ExtensibilityGlobals) = postSolution
		SolutionGuid = {024A9D6C-97D1-443A-A6D0-6D31D85740C2}
	EndGlobalSection
EndGlobal
